
Microsoft Visual Studio Solution File, Format Version 12.00
# Visual Studio Version 16
VisualStudioVersion = 16.0.30717.126
MinimumVisualStudioVersion = 10.0.40219.1
Project("{9A19103F-16F7-4668-BE54-9A1E7A4F7556}") = "TaxCalculator.API", "TaxCalculator.API\TaxCalculator.API.csproj", "{04101004-06E8-44E0-B60D-59DE6E317889}"
EndProject
Project("{9A19103F-16F7-4668-BE54-9A1E7A4F7556}") = "TaxCalculator.Models", "TaxCalculator.Models\TaxCalculator.Models.csproj", "{EB44DE76-07A4-4D9C-8A32-B5624FB25897}"
EndProject
Project("{9A19103F-16F7-4668-BE54-9A1E7A4F7556}") = "TaxCalculator.Tests", "TaxCalculator.Tests\TaxCalculator.Tests.csproj", "{93009816-63A7-448A-8ABC-6197FCF0A971}"
EndProject
Project("{9A19103F-16F7-4668-BE54-9A1E7A4F7556}") = "TaxCalculator.Web", "TaxCalculator.Web\TaxCalculator.Web.csproj", "{EEDE0E64-B47C-4052-B413-E7FAAA588821}"
EndProject
Global
	GlobalSection(SolutionConfigurationPlatforms) = preSolution
		Debug|Any CPU = Debug|Any CPU
		Release|Any CPU = Release|Any CPU
	EndGlobalSection
	GlobalSection(ProjectConfigurationPlatforms) = postSolution
		{04101004-06E8-44E0-B60D-59DE6E317889}.Debug|Any CPU.ActiveCfg = Debug|Any CPU
		{04101004-06E8-44E0-B60D-59DE6E317889}.Debug|Any CPU.Build.0 = Debug|Any CPU
		{04101004-06E8-44E0-B60D-59DE6E317889}.Release|Any CPU.ActiveCfg = Release|Any CPU
		{04101004-06E8-44E0-B60D-59DE6E317889}.Release|Any CPU.Build.0 = Release|Any CPU
		{EB44DE76-07A4-4D9C-8A32-B5624FB25897}.Debug|Any CPU.ActiveCfg = Debug|Any CPU
		{EB44DE76-07A4-4D9C-8A32-B5624FB25897}.Debug|Any CPU.Build.0 = Debug|Any CPU
		{EB44DE76-07A4-4D9C-8A32-B5624FB25897}.Release|Any CPU.ActiveCfg = Release|Any CPU
		{EB44DE76-07A4-4D9C-8A32-B5624FB25897}.Release|Any CPU.Build.0 = Release|Any CPU
		{93009816-63A7-448A-8ABC-6197FCF0A971}.Debug|Any CPU.ActiveCfg = Debug|Any CPU
		{93009816-63A7-448A-8ABC-6197FCF0A971}.Debug|Any CPU.Build.0 = Debug|Any CPU
		{93009816-63A7-448A-8ABC-6197FCF0A971}.Release|Any CPU.ActiveCfg = Release|Any CPU
		{93009816-63A7-448A-8ABC-6197FCF0A971}.Release|Any CPU.Build.0 = Release|Any CPU
		{EEDE0E64-B47C-4052-B413-E7FAAA588821}.Debug|Any CPU.ActiveCfg = Debug|Any CPU
		{EEDE0E64-B47C-4052-B413-E7FAAA588821}.Debug|Any CPU.Build.0 = Debug|Any CPU
		{EEDE0E64-B47C-4052-B413-E7FAAA588821}.Release|Any CPU.ActiveCfg = Release|Any CPU
		{EEDE0E64-B47C-4052-B413-E7FAAA588821}.Release|Any CPU.Build.0 = Release|Any CPU
	EndGlobalSection
	GlobalSection(SolutionProperties) = preSolution
		HideSolutionNode = FALSE
	EndGlobalSection
	GlobalSection(ExtensibilityGlobals) = postSolution
		SolutionGuid = {E77439FA-018D-48A0-A0A6-E8E6BEF485D0}
	EndGlobalSection
EndGlobal
